
Microsoft Visual Studio Solution File, Format Version 12.00
# Visual Studio Version 16
VisualStudioVersion = 16.0.30523.141
MinimumVisualStudioVersion = 10.0.40219.1
Project("{FAE04EC0-301F-11D3-BF4B-00C04F79EFBC}") = "ICUTools", "ICUTools\ICUTools.csproj", "{780559BB-FA0D-4AE7-BB4C-99A1EAFC710D}"
EndProject
Project("{FAE04EC0-301F-11D3-BF4B-00C04F79EFBC}") = "WPFFACE", "WPFFACE\WPFFACE.csproj", "{C4A91C41-DE63-44F6-9107-0BB2783A3FCA}"
EndProject
Global
	GlobalSection(SolutionConfigurationPlatforms) = preSolution
		Debug|Any CPU = Debug|Any CPU
		Release|Any CPU = Release|Any CPU
	EndGlobalSection
	GlobalSection(ProjectConfigurationPlatforms) = postSolution
		{780559BB-FA0D-4AE7-BB4C-99A1EAFC710D}.Debug|Any CPU.ActiveCfg = Debug|Any CPU
		{780559BB-FA0D-4AE7-BB4C-99A1EAFC710D}.Debug|Any CPU.Build.0 = Debug|Any CPU
		{780559BB-FA0D-4AE7-BB4C-99A1EAFC710D}.Release|Any CPU.ActiveCfg = Release|Any CPU
		{780559BB-FA0D-4AE7-BB4C-99A1EAFC710D}.Release|Any CPU.Build.0 = Release|Any CPU
		{C4A91C41-DE63-44F6-9107-0BB2783A3FCA}.Debug|Any CPU.ActiveCfg = Debug|Any CPU
		{C4A91C41-DE63-44F6-9107-0BB2783A3FCA}.Debug|Any CPU.Build.0 = Debug|Any CPU
		{C4A91C41-DE63-44F6-9107-0BB2783A3FCA}.Release|Any CPU.ActiveCfg = Release|Any CPU
		{C4A91C41-DE63-44F6-9107-0BB2783A3FCA}.Release|Any CPU.Build.0 = Release|Any CPU
	EndGlobalSection
	GlobalSection(SolutionProperties) = preSolution
		HideSolutionNode = FALSE
	EndGlobalSection
	GlobalSection(ExtensibilityGlobals) = postSolution
		SolutionGuid = {F86169BF-74B3-4533-A8B8-04B3F435187A}
	EndGlobalSection
EndGlobal
